// !$*UTF8*$!
{
	archiveVersion = 1;
	classes = {
	};
	objectVersion = 51;
	objects = {

/* Begin PBXBuildFile section */
		21BD17CDFDA2C6D95336D921 /* UnityCoreBluetooth_macOS.framework in Frameworks */ = {isa = PBXBuildFile; fileRef = 1B53748BA2E0EB73008C563F /* UnityCoreBluetooth_macOS.framework */; };
		28012AC4350AD91595633F3C /* NativePlugin.mm in Sources */ = {isa = PBXBuildFile; fileRef = 322F38BF9FEC81835A59BE24 /* NativePlugin.mm */; };
		29A3E8D039D4AC8D524A1930 /* AppDelegate.swift in Sources */ = {isa = PBXBuildFile; fileRef = 30DC1AA87B2177FF88F84A98 /* AppDelegate.swift */; };
		371A6DCA64D30D6C50F3CC3A /* ViewController.swift in Sources */ = {isa = PBXBuildFile; fileRef = 918B4E9A4E2177D933B93EE4 /* ViewController.swift */; };
		52661A6B23E8568700839DD2 /* UnityCoreBluetooth.swift in Sources */ = {isa = PBXBuildFile; fileRef = 52661A6A23E8568700839DD2 /* UnityCoreBluetooth.swift */; };
		52661A6C23E8568700839DD2 /* UnityCoreBluetooth.swift in Sources */ = {isa = PBXBuildFile; fileRef = 52661A6A23E8568700839DD2 /* UnityCoreBluetooth.swift */; };
		52661A6D23E8568700839DD2 /* UnityCoreBluetooth.swift in Sources */ = {isa = PBXBuildFile; fileRef = 52661A6A23E8568700839DD2 /* UnityCoreBluetooth.swift */; };
		5530B71C13855EE4796118EC /* AppDelegate.swift in Sources */ = {isa = PBXBuildFile; fileRef = 366C4F15F808C6A7C30CFCD2 /* AppDelegate.swift */; };
		602804FC7C2518A51F8EA432 /* NativePlugin.h in Headers */ = {isa = PBXBuildFile; fileRef = 532B96B0327B9A90C595F46C /* NativePlugin.h */; settings = {ATTRIBUTES = (Public, ); }; };
		6F15B065CCA29FD8A51DBE11 /* Assets.xcassets in Resources */ = {isa = PBXBuildFile; fileRef = 15EFF5ED48DAAB9DC7661BD5 /* Assets.xcassets */; };
		76F5F6C9D0B1EE26AE85EF3B /* UnityCoreBluetooth_macOS.framework in Embed Frameworks */ = {isa = PBXBuildFile; fileRef = 1B53748BA2E0EB73008C563F /* UnityCoreBluetooth_macOS.framework */; settings = {ATTRIBUTES = (CodeSignOnCopy, RemoveHeadersOnCopy, ); }; };
		8D0C0603D69844AE00436452 /* Assets.xcassets in Resources */ = {isa = PBXBuildFile; fileRef = 6D65DBED0B349EB9FD9261CF /* Assets.xcassets */; };
		917888FF90F919B98C085042 /* LaunchScreen.storyboard in Resources */ = {isa = PBXBuildFile; fileRef = 55125AE0B6C798AB3D1A5215 /* LaunchScreen.storyboard */; };
		B23C79E13747E4C8D708C42D /* AddOne.swift in Sources */ = {isa = PBXBuildFile; fileRef = 7AF10414F3A48A70DC96F035 /* AddOne.swift */; };
		B46A29D44ADE26F23A97C85B /* AddOne.swift in Sources */ = {isa = PBXBuildFile; fileRef = 7AF10414F3A48A70DC96F035 /* AddOne.swift */; };
		B9CFE1B620E0E2B861D6C7BB /* NativePlugin.mm in Sources */ = {isa = PBXBuildFile; fileRef = 322F38BF9FEC81835A59BE24 /* NativePlugin.mm */; };
		C7A7E84B1CF658213747E1CC /* UnityCoreBluetooth.framework in Frameworks */ = {isa = PBXBuildFile; fileRef = 8C8EBFE875A7DDDEE5BD7A84 /* UnityCoreBluetooth.framework */; };
		CCA6CC7F3D58336786B23BD2 /* UnityCoreBluetooth.framework in Embed Frameworks */ = {isa = PBXBuildFile; fileRef = 8C8EBFE875A7DDDEE5BD7A84 /* UnityCoreBluetooth.framework */; settings = {ATTRIBUTES = (CodeSignOnCopy, RemoveHeadersOnCopy, ); }; };
		D478C3C575C36A29347E78C6 /* Main.storyboard in Resources */ = {isa = PBXBuildFile; fileRef = D9BA1462B24C3725DBF0DA51 /* Main.storyboard */; };
		D6EAFE8DD65D78B06049F55C /* NativePlugin.h in Headers */ = {isa = PBXBuildFile; fileRef = 532B96B0327B9A90C595F46C /* NativePlugin.h */; settings = {ATTRIBUTES = (Public, ); }; };
		D867E001E595A73FD08381CE /* AddOne.swift in Sources */ = {isa = PBXBuildFile; fileRef = 7AF10414F3A48A70DC96F035 /* AddOne.swift */; };
		E8F4E94FAC514C804A6F2B3A /* ViewController.swift in Sources */ = {isa = PBXBuildFile; fileRef = 6C80D59E690E4C3BC2605A58 /* ViewController.swift */; };
		E9BD211E5F49ECCE479F9F54 /* SceneDelegate.swift in Sources */ = {isa = PBXBuildFile; fileRef = BFC182C0350BC6903CE379AC /* SceneDelegate.swift */; };
		EB7AA0402649E7EA3CD68524 /* NativePlugin.mm in Sources */ = {isa = PBXBuildFile; fileRef = 322F38BF9FEC81835A59BE24 /* NativePlugin.mm */; };
		F7BCE41FF321B40BBEFE46C3 /* Main.storyboard in Resources */ = {isa = PBXBuildFile; fileRef = E1DDC5F948A62767C9F1A51A /* Main.storyboard */; };
/* End PBXBuildFile section */

/* Begin PBXContainerItemProxy section */
		0876BB1C23F27D8DCAE85C62 /* PBXContainerItemProxy */ = {
			isa = PBXContainerItemProxy;
			containerPortal = 09B6A6EF5BC82B8ABC1EE380 /* Project object */;
			proxyType = 1;
			remoteGlobalIDString = 54D6862CC9EAC6D9A71C7A0D;
			remoteInfo = UnityCoreBluetooth_macOS;
		};
		2605AB022894DDC770891D2D /* PBXContainerItemProxy */ = {
			isa = PBXContainerItemProxy;
			containerPortal = 09B6A6EF5BC82B8ABC1EE380 /* Project object */;
			proxyType = 1;
			remoteGlobalIDString = F27435DAC9AB60B3695CF0C3;
			remoteInfo = UnityCoreBluetooth;
		};
/* End PBXContainerItemProxy section */

/* Begin PBXCopyFilesBuildPhase section */
		1DBB87E10C4AB0A15A1465F3 /* Embed Frameworks */ = {
			isa = PBXCopyFilesBuildPhase;
			buildActionMask = 2147483647;
			dstPath = "";
			dstSubfolderSpec = 10;
			files = (
				CCA6CC7F3D58336786B23BD2 /* UnityCoreBluetooth.framework in Embed Frameworks */,
			);
			name = "Embed Frameworks";
			runOnlyForDeploymentPostprocessing = 0;
		};
		F003A01445ECF327588B126C /* Embed Frameworks */ = {
			isa = PBXCopyFilesBuildPhase;
			buildActionMask = 2147483647;
			dstPath = "";
			dstSubfolderSpec = 10;
			files = (
				76F5F6C9D0B1EE26AE85EF3B /* UnityCoreBluetooth_macOS.framework in Embed Frameworks */,
			);
			name = "Embed Frameworks";
			runOnlyForDeploymentPostprocessing = 0;
		};
/* End PBXCopyFilesBuildPhase section */

/* Begin PBXFileReference section */
		092FB7DF3910D5E2CD065251 /* Info.plist */ = {isa = PBXFileReference; lastKnownFileType = text.plist.xml; path = Info.plist; sourceTree = "<group>"; };
		10A86989A8C253BADA3D51F9 /* PrefixHeader.pch */ = {isa = PBXFileReference; lastKnownFileType = sourcecode.c.h; path = PrefixHeader.pch; sourceTree = "<group>"; };
		15EFF5ED48DAAB9DC7661BD5 /* Assets.xcassets */ = {isa = PBXFileReference; lastKnownFileType = folder.assetcatalog; path = Assets.xcassets; sourceTree = "<group>"; };
		1B53748BA2E0EB73008C563F /* UnityCoreBluetooth_macOS.framework */ = {isa = PBXFileReference; explicitFileType = wrapper.framework; includeInIndex = 0; path = UnityCoreBluetooth_macOS.framework; sourceTree = BUILT_PRODUCTS_DIR; };
		1C4057BE9F1F55007BCA005F /* macOS.template.xcconfig */ = {isa = PBXFileReference; lastKnownFileType = text.xcconfig; path = macOS.template.xcconfig; sourceTree = "<group>"; };
		20A75C5BF249942B6F62F9C1 /* Example_macOS-Bridging-Header.h */ = {isa = PBXFileReference; lastKnownFileType = sourcecode.c.h; path = "Example_macOS-Bridging-Header.h"; sourceTree = "<group>"; };
		21A7E1025F89760277D73FB2 /* project.xcconfig */ = {isa = PBXFileReference; lastKnownFileType = text.xcconfig; path = project.xcconfig; sourceTree = "<group>"; };
		30DC1AA87B2177FF88F84A98 /* AppDelegate.swift */ = {isa = PBXFileReference; lastKnownFileType = sourcecode.swift; path = AppDelegate.swift; sourceTree = "<group>"; };
		322F38BF9FEC81835A59BE24 /* NativePlugin.mm */ = {isa = PBXFileReference; lastKnownFileType = sourcecode.cpp.objcpp; path = NativePlugin.mm; sourceTree = "<group>"; };
		32D1A55BFCFC06518EE1DFC1 /* UnityCoreBluetooth_bundle.bundle */ = {isa = PBXFileReference; explicitFileType = wrapper.cfbundle; includeInIndex = 0; path = UnityCoreBluetooth_bundle.bundle; sourceTree = BUILT_PRODUCTS_DIR; };
		366C4F15F808C6A7C30CFCD2 /* AppDelegate.swift */ = {isa = PBXFileReference; lastKnownFileType = sourcecode.swift; path = AppDelegate.swift; sourceTree = "<group>"; };
		4516F2CA22FEBBCB11159AF2 /* iOS.xcconfig */ = {isa = PBXFileReference; lastKnownFileType = text.xcconfig; path = iOS.xcconfig; sourceTree = "<group>"; };
		466372A2C5C7ECE7E4E34EC6 /* Example_macOS.app */ = {isa = PBXFileReference; explicitFileType = wrapper.application; includeInIndex = 0; path = Example_macOS.app; sourceTree = BUILT_PRODUCTS_DIR; };
		5015D45823A2EFCCA56ED5F9 /* Base */ = {isa = PBXFileReference; lastKnownFileType = file.storyboard; name = Base; path = Base.lproj/Main.storyboard; sourceTree = "<group>"; };
		52661A6A23E8568700839DD2 /* UnityCoreBluetooth.swift */ = {isa = PBXFileReference; lastKnownFileType = sourcecode.swift; path = UnityCoreBluetooth.swift; sourceTree = "<group>"; };
		532B96B0327B9A90C595F46C /* NativePlugin.h */ = {isa = PBXFileReference; lastKnownFileType = sourcecode.c.h; path = NativePlugin.h; sourceTree = "<group>"; };
		54B08F44012965148071F019 /* Info.plist */ = {isa = PBXFileReference; lastKnownFileType = text.plist.xml; path = Info.plist; sourceTree = "<group>"; };
		5512971AD82E978A26C27280 /* Base */ = {isa = PBXFileReference; lastKnownFileType = file.storyboard; name = Base; path = Base.lproj/Main.storyboard; sourceTree = "<group>"; };
		59069E023ADDFA435230333D /* Example_iOS.app */ = {isa = PBXFileReference; includeInIndex = 0; lastKnownFileType = wrapper.application; path = Example_iOS.app; sourceTree = BUILT_PRODUCTS_DIR; };
		69C79F59AB29C21A2EE85195 /* macOS.xcconfig */ = {isa = PBXFileReference; lastKnownFileType = text.xcconfig; path = macOS.xcconfig; sourceTree = "<group>"; };
		69D28982E521ADCA814B4A9A /* Info.plist */ = {isa = PBXFileReference; lastKnownFileType = text.plist.xml; path = Info.plist; sourceTree = "<group>"; };
		6C80D59E690E4C3BC2605A58 /* ViewController.swift */ = {isa = PBXFileReference; lastKnownFileType = sourcecode.swift; path = ViewController.swift; sourceTree = "<group>"; };
		6D65DBED0B349EB9FD9261CF /* Assets.xcassets */ = {isa = PBXFileReference; lastKnownFileType = folder.assetcatalog; path = Assets.xcassets; sourceTree = "<group>"; };
		727F80FEFA85A0428D0D3A0B /* Info.plist */ = {isa = PBXFileReference; lastKnownFileType = text.plist.xml; path = Info.plist; sourceTree = "<group>"; };
		75126EB2AA8D49789F94F7F4 /* macOS.xcconfig */ = {isa = PBXFileReference; lastKnownFileType = text.xcconfig; path = macOS.xcconfig; sourceTree = "<group>"; };
		7AF10414F3A48A70DC96F035 /* AddOne.swift */ = {isa = PBXFileReference; lastKnownFileType = sourcecode.swift; path = AddOne.swift; sourceTree = "<group>"; };
		8C8EBFE875A7DDDEE5BD7A84 /* UnityCoreBluetooth.framework */ = {isa = PBXFileReference; explicitFileType = wrapper.framework; includeInIndex = 0; path = UnityCoreBluetooth.framework; sourceTree = BUILT_PRODUCTS_DIR; };
		918B4E9A4E2177D933B93EE4 /* ViewController.swift */ = {isa = PBXFileReference; lastKnownFileType = sourcecode.swift; path = ViewController.swift; sourceTree = "<group>"; };
		BFC182C0350BC6903CE379AC /* SceneDelegate.swift */ = {isa = PBXFileReference; lastKnownFileType = sourcecode.swift; path = SceneDelegate.swift; sourceTree = "<group>"; };
		C6F55518EAEB463C8216A962 /* Info.plist */ = {isa = PBXFileReference; lastKnownFileType = text.plist.xml; path = Info.plist; sourceTree = "<group>"; };
		D60B5A54E01E6C85427F0539 /* Example_macOS.entitlements */ = {isa = PBXFileReference; lastKnownFileType = text.plist.entitlements; path = Example_macOS.entitlements; sourceTree = "<group>"; };
		D762F56AD42421E190B91606 /* Example_iOS-Bridging-Header.h */ = {isa = PBXFileReference; lastKnownFileType = sourcecode.c.h; path = "Example_iOS-Bridging-Header.h"; sourceTree = "<group>"; };
		E4918FFE8717B45C9075D638 /* Base */ = {isa = PBXFileReference; lastKnownFileType = file.storyboard; name = Base; path = Base.lproj/LaunchScreen.storyboard; sourceTree = "<group>"; };
/* End PBXFileReference section */

/* Begin PBXFrameworksBuildPhase section */
		80D2B1BB5D0C4B7F2B0EAED9 /* Frameworks */ = {
			isa = PBXFrameworksBuildPhase;
			buildActionMask = 2147483647;
			files = (
				C7A7E84B1CF658213747E1CC /* UnityCoreBluetooth.framework in Frameworks */,
			);
			runOnlyForDeploymentPostprocessing = 0;
		};
		F9179209DD3D701A8ACCED1A /* Frameworks */ = {
			isa = PBXFrameworksBuildPhase;
			buildActionMask = 2147483647;
			files = (
				21BD17CDFDA2C6D95336D921 /* UnityCoreBluetooth_macOS.framework in Frameworks */,
			);
			runOnlyForDeploymentPostprocessing = 0;
		};
/* End PBXFrameworksBuildPhase section */

/* Begin PBXGroup section */
		06AC6B613B7DE2ADD5361663 = {
			isa = PBXGroup;
			children = (
				14D84EDEF99AFAD7D7772427 /* Example */,
				B528146A6412698CAD6FD42D /* Library */,
				7278FBF3DDDA895A01C675DA /* Products */,
			);
			sourceTree = "<group>";
		};
		14D84EDEF99AFAD7D7772427 /* Example */ = {
			isa = PBXGroup;
			children = (
				AD4CF5ED7921887B5D7DB600 /* iOS */,
				6351DF63B79B9D48EA5CCA95 /* macOS */,
			);
			path = Example;
			sourceTree = "<group>";
		};
		6351DF63B79B9D48EA5CCA95 /* macOS */ = {
			isa = PBXGroup;
			children = (
				366C4F15F808C6A7C30CFCD2 /* AppDelegate.swift */,
				15EFF5ED48DAAB9DC7661BD5 /* Assets.xcassets */,
				20A75C5BF249942B6F62F9C1 /* Example_macOS-Bridging-Header.h */,
				D60B5A54E01E6C85427F0539 /* Example_macOS.entitlements */,
				727F80FEFA85A0428D0D3A0B /* Info.plist */,
				E1DDC5F948A62767C9F1A51A /* Main.storyboard */,
				6C80D59E690E4C3BC2605A58 /* ViewController.swift */,
			);
			path = macOS;
			sourceTree = "<group>";
		};
		6ABC36DE25B7E1BB21BB1563 /* Platforms */ = {
			isa = PBXGroup;
			children = (
				9F88D3AF1085A95103BA9400 /* iOS */,
				E0F3A08C0003430B77CA519B /* macOS */,
			);
			path = Platforms;
			sourceTree = "<group>";
		};
		7278FBF3DDDA895A01C675DA /* Products */ = {
			isa = PBXGroup;
			children = (
				59069E023ADDFA435230333D /* Example_iOS.app */,
				466372A2C5C7ECE7E4E34EC6 /* Example_macOS.app */,
				32D1A55BFCFC06518EE1DFC1 /* UnityCoreBluetooth_bundle.bundle */,
				1B53748BA2E0EB73008C563F /* UnityCoreBluetooth_macOS.framework */,
				8C8EBFE875A7DDDEE5BD7A84 /* UnityCoreBluetooth.framework */,
			);
			name = Products;
			sourceTree = "<group>";
		};
		7438ABFD37A533D26223AB56 /* Framework */ = {
			isa = PBXGroup;
			children = (
				C6F55518EAEB463C8216A962 /* Info.plist */,
				69C79F59AB29C21A2EE85195 /* macOS.xcconfig */,
			);
			path = Framework;
			sourceTree = "<group>";
		};
		916D9C056205B6F9C70D11CE /* Bundle */ = {
			isa = PBXGroup;
			children = (
				092FB7DF3910D5E2CD065251 /* Info.plist */,
				1C4057BE9F1F55007BCA005F /* macOS.template.xcconfig */,
				75126EB2AA8D49789F94F7F4 /* macOS.xcconfig */,
				10A86989A8C253BADA3D51F9 /* PrefixHeader.pch */,
			);
			path = Bundle;
			sourceTree = "<group>";
		};
		9F88D3AF1085A95103BA9400 /* iOS */ = {
			isa = PBXGroup;
			children = (
				69D28982E521ADCA814B4A9A /* Info.plist */,
				4516F2CA22FEBBCB11159AF2 /* iOS.xcconfig */,
			);
			path = iOS;
			sourceTree = "<group>";
		};
		AD4CF5ED7921887B5D7DB600 /* iOS */ = {
			isa = PBXGroup;
			children = (
				30DC1AA87B2177FF88F84A98 /* AppDelegate.swift */,
				6D65DBED0B349EB9FD9261CF /* Assets.xcassets */,
				D762F56AD42421E190B91606 /* Example_iOS-Bridging-Header.h */,
				54B08F44012965148071F019 /* Info.plist */,
				55125AE0B6C798AB3D1A5215 /* LaunchScreen.storyboard */,
				D9BA1462B24C3725DBF0DA51 /* Main.storyboard */,
				BFC182C0350BC6903CE379AC /* SceneDelegate.swift */,
				918B4E9A4E2177D933B93EE4 /* ViewController.swift */,
			);
			path = iOS;
			sourceTree = "<group>";
		};
		B528146A6412698CAD6FD42D /* Library */ = {
			isa = PBXGroup;
			children = (
				21A7E1025F89760277D73FB2 /* project.xcconfig */,
				6ABC36DE25B7E1BB21BB1563 /* Platforms */,
				D9F40E528C2C41AF52FF076B /* Sources */,
			);
			path = Library;
			sourceTree = "<group>";
		};
		D9F40E528C2C41AF52FF076B /* Sources */ = {
			isa = PBXGroup;
			children = (
				7AF10414F3A48A70DC96F035 /* AddOne.swift */,
				52661A6A23E8568700839DD2 /* UnityCoreBluetooth.swift */,
				532B96B0327B9A90C595F46C /* NativePlugin.h */,
				322F38BF9FEC81835A59BE24 /* NativePlugin.mm */,
			);
			path = Sources;
			sourceTree = "<group>";
		};
		E0F3A08C0003430B77CA519B /* macOS */ = {
			isa = PBXGroup;
			children = (
				916D9C056205B6F9C70D11CE /* Bundle */,
				7438ABFD37A533D26223AB56 /* Framework */,
			);
			path = macOS;
			sourceTree = "<group>";
		};
/* End PBXGroup section */

/* Begin PBXHeadersBuildPhase section */
		B3E67FA85F0948E7E8A5EBD5 /* Headers */ = {
			isa = PBXHeadersBuildPhase;
			buildActionMask = 2147483647;
			files = (
				D6EAFE8DD65D78B06049F55C /* NativePlugin.h in Headers */,
			);
			runOnlyForDeploymentPostprocessing = 0;
		};
		F351417EF71A9414AB3CD963 /* Headers */ = {
			isa = PBXHeadersBuildPhase;
			buildActionMask = 2147483647;
			files = (
				602804FC7C2518A51F8EA432 /* NativePlugin.h in Headers */,
			);
			runOnlyForDeploymentPostprocessing = 0;
		};
/* End PBXHeadersBuildPhase section */

/* Begin PBXNativeTarget section */
		32F347B2751C98D8D8FBD505 /* UnityCoreBluetooth_bundle */ = {
			isa = PBXNativeTarget;
			buildConfigurationList = 148742A23D8A269B6F8C2FA8 /* Build configuration list for PBXNativeTarget "UnityCoreBluetooth_bundle" */;
			buildPhases = (
				2EBE2DC6B7C5BC6BF3E29725 /* Sources */,
				1A92027A32943EBCC571CB0D /* CopyBundle */,
			);
			buildRules = (
			);
			dependencies = (
			);
			name = UnityCoreBluetooth_bundle;
			productName = UnityCoreBluetooth_bundle;
			productReference = 32D1A55BFCFC06518EE1DFC1 /* UnityCoreBluetooth_bundle.bundle */;
			productType = "com.apple.product-type.bundle";
		};
		54D6862CC9EAC6D9A71C7A0D /* UnityCoreBluetooth_macOS */ = {
			isa = PBXNativeTarget;
			buildConfigurationList = 98CE032F1E255382535548F6 /* Build configuration list for PBXNativeTarget "UnityCoreBluetooth_macOS" */;
			buildPhases = (
				F351417EF71A9414AB3CD963 /* Headers */,
				3AB74240BEC95588EC7F902C /* Sources */,
			);
			buildRules = (
			);
			dependencies = (
			);
			name = UnityCoreBluetooth_macOS;
			productName = UnityCoreBluetooth_macOS;
			productReference = 1B53748BA2E0EB73008C563F /* UnityCoreBluetooth_macOS.framework */;
			productType = "com.apple.product-type.framework";
		};
		ABE5EB5211AD9B2F73832D78 /* Example_iOS */ = {
			isa = PBXNativeTarget;
			buildConfigurationList = 907B2607EB3C8BC351FEDB4D /* Build configuration list for PBXNativeTarget "Example_iOS" */;
			buildPhases = (
				28A52298BE41C73E9227E605 /* Sources */,
				3BBEC082AE140B38E9904FE2 /* Resources */,
				80D2B1BB5D0C4B7F2B0EAED9 /* Frameworks */,
				1DBB87E10C4AB0A15A1465F3 /* Embed Frameworks */,
			);
			buildRules = (
			);
			dependencies = (
				F340E8EF10874CEEAA5FDAE5 /* PBXTargetDependency */,
			);
			name = Example_iOS;
			productName = Example_iOS;
			productReference = 59069E023ADDFA435230333D /* Example_iOS.app */;
			productType = "com.apple.product-type.application";
		};
		BD04C88285DDB4B2136E21BA /* Example_macOS */ = {
			isa = PBXNativeTarget;
			buildConfigurationList = 58EF65840782D6C64DCCECEB /* Build configuration list for PBXNativeTarget "Example_macOS" */;
			buildPhases = (
				5FF4D78F097BA931DD4092CA /* Sources */,
				D7BEFF65BA7E12DD38DE6713 /* Resources */,
				F9179209DD3D701A8ACCED1A /* Frameworks */,
				F003A01445ECF327588B126C /* Embed Frameworks */,
			);
			buildRules = (
			);
			dependencies = (
				872DC1FE11E2E3CEC5E81369 /* PBXTargetDependency */,
			);
			name = Example_macOS;
			productName = Example_macOS;
			productReference = 466372A2C5C7ECE7E4E34EC6 /* Example_macOS.app */;
			productType = "com.apple.product-type.application";
		};
		F27435DAC9AB60B3695CF0C3 /* UnityCoreBluetooth */ = {
			isa = PBXNativeTarget;
			buildConfigurationList = 2A5BEAA799911F586E9EDE55 /* Build configuration list for PBXNativeTarget "UnityCoreBluetooth" */;
			buildPhases = (
				B3E67FA85F0948E7E8A5EBD5 /* Headers */,
				9AC28C470067214766D6C185 /* Sources */,
				978A8B13B6496059BCF5B170 /* CopyFramework */,
			);
			buildRules = (
			);
			dependencies = (
			);
			name = UnityCoreBluetooth;
			productName = UnityCoreBluetooth;
			productReference = 8C8EBFE875A7DDDEE5BD7A84 /* UnityCoreBluetooth.framework */;
			productType = "com.apple.product-type.framework";
		};
/* End PBXNativeTarget section */

/* Begin PBXProject section */
		09B6A6EF5BC82B8ABC1EE380 /* Project object */ = {
			isa = PBXProject;
			attributes = {
				LastUpgradeCheck = 1020;
			};
			buildConfigurationList = 149210A9E2110327DFFEBA34 /* Build configuration list for PBXProject "UnityCoreBluetooth" */;
			compatibilityVersion = "Xcode 10.0";
			developmentRegion = en;
			hasScannedForEncodings = 0;
			knownRegions = (
				en,
				Base,
			);
			mainGroup = 06AC6B613B7DE2ADD5361663;
			projectDirPath = "";
			projectRoot = "";
			targets = (
				ABE5EB5211AD9B2F73832D78 /* Example_iOS */,
				BD04C88285DDB4B2136E21BA /* Example_macOS */,
				F27435DAC9AB60B3695CF0C3 /* UnityCoreBluetooth */,
				32F347B2751C98D8D8FBD505 /* UnityCoreBluetooth_bundle */,
				54D6862CC9EAC6D9A71C7A0D /* UnityCoreBluetooth_macOS */,
			);
		};
/* End PBXProject section */

/* Begin PBXResourcesBuildPhase section */
		3BBEC082AE140B38E9904FE2 /* Resources */ = {
			isa = PBXResourcesBuildPhase;
			buildActionMask = 2147483647;
			files = (
				8D0C0603D69844AE00436452 /* Assets.xcassets in Resources */,
				917888FF90F919B98C085042 /* LaunchScreen.storyboard in Resources */,
				D478C3C575C36A29347E78C6 /* Main.storyboard in Resources */,
			);
			runOnlyForDeploymentPostprocessing = 0;
		};
		D7BEFF65BA7E12DD38DE6713 /* Resources */ = {
			isa = PBXResourcesBuildPhase;
			buildActionMask = 2147483647;
			files = (
				6F15B065CCA29FD8A51DBE11 /* Assets.xcassets in Resources */,
				F7BCE41FF321B40BBEFE46C3 /* Main.storyboard in Resources */,
			);
			runOnlyForDeploymentPostprocessing = 0;
		};
/* End PBXResourcesBuildPhase section */

/* Begin PBXShellScriptBuildPhase section */
		1A92027A32943EBCC571CB0D /* CopyBundle */ = {
			isa = PBXShellScriptBuildPhase;
			buildActionMask = 2147483647;
			files = (
			);
			inputFileListPaths = (
			);
			inputPaths = (
			);
			name = CopyBundle;
			outputFileListPaths = (
			);
			outputPaths = (
			);
			runOnlyForDeploymentPostprocessing = 0;
			shellPath = /bin/sh;
			shellScript = "rm -r ${OUTPUT_PATH}\nrm -r ${SCRIPTS_OUTPUT_PATH}\nmkdir -p ${OUTPUT_PATH}\nmkdir -p ${SCRIPTS_OUTPUT_PATH}\ncp -r ${TARGET_BUILD_DIR}/${PRODUCT_NAME}.bundle/. ${OUTPUT_PATH}/${PRODUCT_NAME}.bundle\ncd ${PROJECT_DIR}/Library/Platforms/macOS/Bundle/cs_maker\n./cs_maker ${PROJECT_NAME} ${TARGET_NAME} ${PRODUCT_NAME}\ncp ${PROJECT_DIR}/Library/Platforms/macOS/Bundle/${TARGET_NAME}.cs ${SCRIPTS_OUTPUT_PATH}/${TARGET_NAME}.cs\n";
		};
		978A8B13B6496059BCF5B170 /* CopyFramework */ = {
			isa = PBXShellScriptBuildPhase;
			buildActionMask = 2147483647;
			files = (
			);
			inputFileListPaths = (
			);
			inputPaths = (
			);
			name = CopyFramework;
			outputFileListPaths = (
			);
			outputPaths = (
			);
			runOnlyForDeploymentPostprocessing = 0;
			shellPath = /bin/sh;
			shellScript = "mkdir -p ${OUTPUT_PATH}\ncp -r ${TARGET_BUILD_DIR}/${TARGET_NAME}.framework/. ${OUTPUT_PATH}/${TARGET_NAME}.framework\ncp ${PROJECT_DIR}/Library/Platforms/iOS/template.framework.meta ${OUTPUT_PATH}/${TARGET_NAME}.meta\n";
		};
/* End PBXShellScriptBuildPhase section */

/* Begin PBXSourcesBuildPhase section */
		28A52298BE41C73E9227E605 /* Sources */ = {
			isa = PBXSourcesBuildPhase;
			buildActionMask = 2147483647;
			files = (
				29A3E8D039D4AC8D524A1930 /* AppDelegate.swift in Sources */,
				E9BD211E5F49ECCE479F9F54 /* SceneDelegate.swift in Sources */,
				371A6DCA64D30D6C50F3CC3A /* ViewController.swift in Sources */,
			);
			runOnlyForDeploymentPostprocessing = 0;
		};
		2EBE2DC6B7C5BC6BF3E29725 /* Sources */ = {
			isa = PBXSourcesBuildPhase;
			buildActionMask = 2147483647;
			files = (
				52661A6C23E8568700839DD2 /* UnityCoreBluetooth.swift in Sources */,
				B23C79E13747E4C8D708C42D /* AddOne.swift in Sources */,
				28012AC4350AD91595633F3C /* NativePlugin.mm in Sources */,
			);
			runOnlyForDeploymentPostprocessing = 0;
		};
		3AB74240BEC95588EC7F902C /* Sources */ = {
			isa = PBXSourcesBuildPhase;
			buildActionMask = 2147483647;
			files = (
				52661A6D23E8568700839DD2 /* UnityCoreBluetooth.swift in Sources */,
				D867E001E595A73FD08381CE /* AddOne.swift in Sources */,
				EB7AA0402649E7EA3CD68524 /* NativePlugin.mm in Sources */,
			);
			runOnlyForDeploymentPostprocessing = 0;
		};
		5FF4D78F097BA931DD4092CA /* Sources */ = {
			isa = PBXSourcesBuildPhase;
			buildActionMask = 2147483647;
			files = (
				5530B71C13855EE4796118EC /* AppDelegate.swift in Sources */,
				E8F4E94FAC514C804A6F2B3A /* ViewController.swift in Sources */,
			);
			runOnlyForDeploymentPostprocessing = 0;
		};
		9AC28C470067214766D6C185 /* Sources */ = {
			isa = PBXSourcesBuildPhase;
			buildActionMask = 2147483647;
			files = (
				52661A6B23E8568700839DD2 /* UnityCoreBluetooth.swift in Sources */,
				B46A29D44ADE26F23A97C85B /* AddOne.swift in Sources */,
				B9CFE1B620E0E2B861D6C7BB /* NativePlugin.mm in Sources */,
			);
			runOnlyForDeploymentPostprocessing = 0;
		};
/* End PBXSourcesBuildPhase section */

/* Begin PBXTargetDependency section */
		872DC1FE11E2E3CEC5E81369 /* PBXTargetDependency */ = {
			isa = PBXTargetDependency;
			target = 54D6862CC9EAC6D9A71C7A0D /* UnityCoreBluetooth_macOS */;
			targetProxy = 0876BB1C23F27D8DCAE85C62 /* PBXContainerItemProxy */;
		};
		F340E8EF10874CEEAA5FDAE5 /* PBXTargetDependency */ = {
			isa = PBXTargetDependency;
			target = F27435DAC9AB60B3695CF0C3 /* UnityCoreBluetooth */;
			targetProxy = 2605AB022894DDC770891D2D /* PBXContainerItemProxy */;
		};
/* End PBXTargetDependency section */

/* Begin PBXVariantGroup section */
		55125AE0B6C798AB3D1A5215 /* LaunchScreen.storyboard */ = {
			isa = PBXVariantGroup;
			children = (
				E4918FFE8717B45C9075D638 /* Base */,
			);
			name = LaunchScreen.storyboard;
			sourceTree = "<group>";
		};
		D9BA1462B24C3725DBF0DA51 /* Main.storyboard */ = {
			isa = PBXVariantGroup;
			children = (
				5015D45823A2EFCCA56ED5F9 /* Base */,
			);
			name = Main.storyboard;
			sourceTree = "<group>";
		};
		E1DDC5F948A62767C9F1A51A /* Main.storyboard */ = {
			isa = PBXVariantGroup;
			children = (
				5512971AD82E978A26C27280 /* Base */,
			);
			name = Main.storyboard;
			sourceTree = "<group>";
		};
/* End PBXVariantGroup section */

/* Begin XCBuildConfiguration section */
		01C3184360881C5035643846 /* Release */ = {
			isa = XCBuildConfiguration;
			baseConfigurationReference = 75126EB2AA8D49789F94F7F4 /* macOS.xcconfig */;
			buildSettings = {
				COMBINE_HIDPI_IMAGES = YES;
				INFOPLIST_FILE = Library/Platforms/macOS/Bundle/info.plist;
				LD_RUNPATH_SEARCH_PATHS = (
					"$(inherited)",
					"@executable_path/../Frameworks",
				);
				MACOSX_DEPLOYMENT_TARGET = 10.14;
				PRODUCT_NAME = "$(OUTPUT_UNIQUE_NAME)";
				SDKROOT = macosx;
			};
			name = Release;
		};
		3D1B94517B128CFD8DE05938 /* Release */ = {
			isa = XCBuildConfiguration;
			baseConfigurationReference = 21A7E1025F89760277D73FB2 /* project.xcconfig */;
			buildSettings = {
				ALWAYS_SEARCH_USER_PATHS = NO;
				CLANG_ANALYZER_NONNULL = YES;
				CLANG_ANALYZER_NUMBER_OBJECT_CONVERSION = YES_AGGRESSIVE;
				CLANG_CXX_LANGUAGE_STANDARD = "gnu++14";
				CLANG_CXX_LIBRARY = "libc++";
				CLANG_ENABLE_MODULES = YES;
				CLANG_ENABLE_OBJC_ARC = YES;
				CLANG_WARN_BLOCK_CAPTURE_AUTORELEASING = YES;
				CLANG_WARN_BOOL_CONVERSION = YES;
				CLANG_WARN_COMMA = YES;
				CLANG_WARN_CONSTANT_CONVERSION = YES;
				CLANG_WARN_DEPRECATED_OBJC_IMPLEMENTATIONS = YES;
				CLANG_WARN_DIRECT_OBJC_ISA_USAGE = YES_ERROR;
				CLANG_WARN_DOCUMENTATION_COMMENTS = YES;
				CLANG_WARN_EMPTY_BODY = YES;
				CLANG_WARN_ENUM_CONVERSION = YES;
				CLANG_WARN_INFINITE_RECURSION = YES;
				CLANG_WARN_INT_CONVERSION = YES;
				CLANG_WARN_NON_LITERAL_NULL_CONVERSION = YES;
				CLANG_WARN_OBJC_IMPLICIT_RETAIN_SELF = YES;
				CLANG_WARN_OBJC_LITERAL_CONVERSION = YES;
				CLANG_WARN_OBJC_ROOT_CLASS = YES_ERROR;
				CLANG_WARN_RANGE_LOOP_ANALYSIS = YES;
				CLANG_WARN_STRICT_PROTOTYPES = YES;
				CLANG_WARN_SUSPICIOUS_MOVE = YES;
				CLANG_WARN_UNGUARDED_AVAILABILITY = YES_AGGRESSIVE;
				CLANG_WARN_UNREACHABLE_CODE = YES;
				CLANG_WARN__DUPLICATE_METHOD_MATCH = YES;
				COPY_PHASE_STRIP = NO;
				DEBUG_INFORMATION_FORMAT = "dwarf-with-dsym";
				ENABLE_NS_ASSERTIONS = NO;
				ENABLE_STRICT_OBJC_MSGSEND = YES;
				GCC_C_LANGUAGE_STANDARD = gnu11;
				GCC_NO_COMMON_BLOCKS = YES;
				GCC_WARN_64_TO_32_BIT_CONVERSION = YES;
				GCC_WARN_ABOUT_RETURN_TYPE = YES_ERROR;
				GCC_WARN_UNDECLARED_SELECTOR = YES;
				GCC_WARN_UNINITIALIZED_AUTOS = YES_AGGRESSIVE;
				GCC_WARN_UNUSED_FUNCTION = YES;
				GCC_WARN_UNUSED_VARIABLE = YES;
				PRODUCT_NAME = "$(TARGET_NAME)";
				SWIFT_COMPILATION_MODE = wholemodule;
				SWIFT_VERSION = 5.0;
				VALIDATE_PRODUCT = YES;
			};
			name = Release;
		};
		5F76EA81E4EA96CBF2D1DD25 /* Debug */ = {
			isa = XCBuildConfiguration;
			buildSettings = {
				ASSETCATALOG_COMPILER_APPICON_NAME = AppIcon;
				CODE_SIGN_IDENTITY = "-";
				COMBINE_HIDPI_IMAGES = YES;
				GCC_PREPROCESSOR_DEFINITIONS = (
					"$(inherited)",
					"FRAMEWORK_HEADER=<UnityCoreBluetooth_macOS/NativePlugin.h>",
				);
				INFOPLIST_FILE = Example/macOS/info.plist;
				LD_RUNPATH_SEARCH_PATHS = (
					"$(inherited)",
					"@executable_path/../Frameworks",
				);
				MACOSX_DEPLOYMENT_TARGET = 10.14;
				SDKROOT = macosx;
				SWIFT_OBJC_BRIDGING_HEADER = "${PROJECT_DIR}/Example/macOS/Example_macOS-Bridging-Header.h";
			};
			name = Debug;
		};
		602C647FE171D0CD2713FC92 /* Debug */ = {
			isa = XCBuildConfiguration;
			baseConfigurationReference = 75126EB2AA8D49789F94F7F4 /* macOS.xcconfig */;
			buildSettings = {
				COMBINE_HIDPI_IMAGES = YES;
				INFOPLIST_FILE = Library/Platforms/macOS/Bundle/info.plist;
				LD_RUNPATH_SEARCH_PATHS = (
					"$(inherited)",
					"@executable_path/../Frameworks",
				);
				MACOSX_DEPLOYMENT_TARGET = 10.14;
				PRODUCT_NAME = "$(OUTPUT_UNIQUE_NAME)";
				SDKROOT = macosx;
			};
			name = Debug;
		};
		6A5E0CE42F9EE8DB30B8434A /* Debug */ = {
			isa = XCBuildConfiguration;
			baseConfigurationReference = 21A7E1025F89760277D73FB2 /* project.xcconfig */;
			buildSettings = {
				ALWAYS_SEARCH_USER_PATHS = NO;
				CLANG_ANALYZER_NONNULL = YES;
				CLANG_ANALYZER_NUMBER_OBJECT_CONVERSION = YES_AGGRESSIVE;
				CLANG_CXX_LANGUAGE_STANDARD = "gnu++14";
				CLANG_CXX_LIBRARY = "libc++";
				CLANG_ENABLE_MODULES = YES;
				CLANG_ENABLE_OBJC_ARC = YES;
				CLANG_WARN_BLOCK_CAPTURE_AUTORELEASING = YES;
				CLANG_WARN_BOOL_CONVERSION = YES;
				CLANG_WARN_COMMA = YES;
				CLANG_WARN_CONSTANT_CONVERSION = YES;
				CLANG_WARN_DEPRECATED_OBJC_IMPLEMENTATIONS = YES;
				CLANG_WARN_DIRECT_OBJC_ISA_USAGE = YES_ERROR;
				CLANG_WARN_DOCUMENTATION_COMMENTS = YES;
				CLANG_WARN_EMPTY_BODY = YES;
				CLANG_WARN_ENUM_CONVERSION = YES;
				CLANG_WARN_INFINITE_RECURSION = YES;
				CLANG_WARN_INT_CONVERSION = YES;
				CLANG_WARN_NON_LITERAL_NULL_CONVERSION = YES;
				CLANG_WARN_OBJC_IMPLICIT_RETAIN_SELF = YES;
				CLANG_WARN_OBJC_LITERAL_CONVERSION = YES;
				CLANG_WARN_OBJC_ROOT_CLASS = YES_ERROR;
				CLANG_WARN_RANGE_LOOP_ANALYSIS = YES;
				CLANG_WARN_STRICT_PROTOTYPES = YES;
				CLANG_WARN_SUSPICIOUS_MOVE = YES;
				CLANG_WARN_UNGUARDED_AVAILABILITY = YES_AGGRESSIVE;
				CLANG_WARN_UNREACHABLE_CODE = YES;
				CLANG_WARN__DUPLICATE_METHOD_MATCH = YES;
				COPY_PHASE_STRIP = NO;
				DEBUG_INFORMATION_FORMAT = dwarf;
				ENABLE_STRICT_OBJC_MSGSEND = YES;
				ENABLE_TESTABILITY = YES;
				GCC_C_LANGUAGE_STANDARD = gnu11;
				GCC_DYNAMIC_NO_PIC = NO;
				GCC_NO_COMMON_BLOCKS = YES;
				GCC_OPTIMIZATION_LEVEL = 0;
				GCC_PREPROCESSOR_DEFINITIONS = (
					"$(inherited)",
					"DEBUG=1",
				);
				GCC_WARN_64_TO_32_BIT_CONVERSION = YES;
				GCC_WARN_ABOUT_RETURN_TYPE = YES_ERROR;
				GCC_WARN_UNDECLARED_SELECTOR = YES;
				GCC_WARN_UNINITIALIZED_AUTOS = YES_AGGRESSIVE;
				GCC_WARN_UNUSED_FUNCTION = YES;
				GCC_WARN_UNUSED_VARIABLE = YES;
				MTL_ENABLE_DEBUG_INFO = YES;
				ONLY_ACTIVE_ARCH = YES;
				PRODUCT_NAME = "$(TARGET_NAME)";
				SWIFT_ACTIVE_COMPILATION_CONDITIONS = DEBUG;
				SWIFT_OPTIMIZATION_LEVEL = "-Onone";
				SWIFT_VERSION = 5.0;
			};
			name = Debug;
		};
		71DA3648A14618319A682FF5 /* Debug */ = {
			isa = XCBuildConfiguration;
			baseConfigurationReference = 4516F2CA22FEBBCB11159AF2 /* iOS.xcconfig */;
			buildSettings = {
				CODE_SIGN_IDENTITY = "";
				CURRENT_PROJECT_VERSION = 1;
				DEFINES_MODULE = YES;
				DYLIB_COMPATIBILITY_VERSION = 1;
				DYLIB_CURRENT_VERSION = 1;
				DYLIB_INSTALL_NAME_BASE = "@rpath";
				INFOPLIST_FILE = Library/Platforms/iOS/info.plist;
				INSTALL_PATH = "$(LOCAL_LIBRARY_DIR)/Frameworks";
				IPHONEOS_DEPLOYMENT_TARGET = 12.0;
				LD_RUNPATH_SEARCH_PATHS = (
					"$(inherited)",
					"@executable_path/Frameworks",
				);
				PRODUCT_BUNDLE_IDENTIFIER = factory.fuziki.framework.ios;
				SDKROOT = iphoneos;
				SKIP_INSTALL = YES;
				SUPPORTED_PLATFORMS = iphoneos;
				SUPPORTS_MACCATALYST = NO;
				TARGETED_DEVICE_FAMILY = "1,2";
				VERSIONING_SYSTEM = "apple-generic";
			};
			name = Debug;
		};
		75F6BBF272F0F6A3D1EF645D /* Release */ = {
			isa = XCBuildConfiguration;
			buildSettings = {
				ASSETCATALOG_COMPILER_APPICON_NAME = AppIcon;
				CODE_SIGN_IDENTITY = "iPhone Developer";
				GCC_PREPROCESSOR_DEFINITIONS = (
					"$(inherited)",
					"FRAMEWORK_HEADER=<UnityCoreBluetooth/NativePlugin.h>",
				);
				INFOPLIST_FILE = Example/iOS/info.plist;
				IPHONEOS_DEPLOYMENT_TARGET = 13.0;
				LD_RUNPATH_SEARCH_PATHS = (
					"$(inherited)",
					"@executable_path/Frameworks",
				);
				PRODUCT_BUNDLE_IDENTIFIER = factory.fuziki.example;
				SDKROOT = iphoneos;
				SWIFT_OBJC_BRIDGING_HEADER = "${PROJECT_DIR}/Example/iOS/Example_iOS-Bridging-Header.h";
				TARGETED_DEVICE_FAMILY = "1,2";
			};
			name = Release;
		};
		90493A67E5AF22897B0B984A /* Release */ = {
			isa = XCBuildConfiguration;
			baseConfigurationReference = 69C79F59AB29C21A2EE85195 /* macOS.xcconfig */;
			buildSettings = {
				CODE_SIGN_IDENTITY = "";
				COMBINE_HIDPI_IMAGES = YES;
				CURRENT_PROJECT_VERSION = 1;
				DEFINES_MODULE = YES;
				DYLIB_COMPATIBILITY_VERSION = 1;
				DYLIB_CURRENT_VERSION = 1;
				DYLIB_INSTALL_NAME_BASE = "@rpath";
				INFOPLIST_FILE = Library/Platforms/macOS/Framework/info.plist;
				INSTALL_PATH = "$(LOCAL_LIBRARY_DIR)/Frameworks";
				LD_RUNPATH_SEARCH_PATHS = (
					"$(inherited)",
					"@executable_path/../Frameworks",
				);
				MACOSX_DEPLOYMENT_TARGET = 10.14;
				SDKROOT = macosx;
				SKIP_INSTALL = YES;
				VERSIONING_SYSTEM = "apple-generic";
			};
			name = Release;
		};
		A7C0EAB829F37CB2E4A7252C /* Debug */ = {
			isa = XCBuildConfiguration;
			buildSettings = {
				ASSETCATALOG_COMPILER_APPICON_NAME = AppIcon;
				CODE_SIGN_IDENTITY = "iPhone Developer";
				GCC_PREPROCESSOR_DEFINITIONS = (
					"$(inherited)",
					"FRAMEWORK_HEADER=<UnityCoreBluetooth/NativePlugin.h>",
				);
				INFOPLIST_FILE = Example/iOS/info.plist;
				IPHONEOS_DEPLOYMENT_TARGET = 13.0;
				LD_RUNPATH_SEARCH_PATHS = (
					"$(inherited)",
					"@executable_path/Frameworks",
				);
				PRODUCT_BUNDLE_IDENTIFIER = factory.fuziki.example;
				SDKROOT = iphoneos;
				SWIFT_OBJC_BRIDGING_HEADER = "${PROJECT_DIR}/Example/iOS/Example_iOS-Bridging-Header.h";
				TARGETED_DEVICE_FAMILY = "1,2";
			};
			name = Debug;
		};
		D07257FF9678CA268C92E360 /* Release */ = {
			isa = XCBuildConfiguration;
			baseConfigurationReference = 4516F2CA22FEBBCB11159AF2 /* iOS.xcconfig */;
			buildSettings = {
				CODE_SIGN_IDENTITY = "";
				CURRENT_PROJECT_VERSION = 1;
				DEFINES_MODULE = YES;
				DYLIB_COMPATIBILITY_VERSION = 1;
				DYLIB_CURRENT_VERSION = 1;
				DYLIB_INSTALL_NAME_BASE = "@rpath";
				INFOPLIST_FILE = Library/Platforms/iOS/info.plist;
				INSTALL_PATH = "$(LOCAL_LIBRARY_DIR)/Frameworks";
				IPHONEOS_DEPLOYMENT_TARGET = 12.0;
				LD_RUNPATH_SEARCH_PATHS = (
					"$(inherited)",
					"@executable_path/Frameworks",
				);
				PRODUCT_BUNDLE_IDENTIFIER = factory.fuziki.framework.ios;
				SDKROOT = iphoneos;
				SKIP_INSTALL = YES;
				SUPPORTED_PLATFORMS = iphoneos;
				SUPPORTS_MACCATALYST = NO;
				TARGETED_DEVICE_FAMILY = "1,2";
				VERSIONING_SYSTEM = "apple-generic";
			};
			name = Release;
		};
		F966F9E81E3210A923201308 /* Debug */ = {
			isa = XCBuildConfiguration;
			baseConfigurationReference = 69C79F59AB29C21A2EE85195 /* macOS.xcconfig */;
			buildSettings = {
				CODE_SIGN_IDENTITY = "";
				COMBINE_HIDPI_IMAGES = YES;
				CURRENT_PROJECT_VERSION = 1;
				DEFINES_MODULE = YES;
				DYLIB_COMPATIBILITY_VERSION = 1;
				DYLIB_CURRENT_VERSION = 1;
				DYLIB_INSTALL_NAME_BASE = "@rpath";
				INFOPLIST_FILE = Library/Platforms/macOS/Framework/info.plist;
				INSTALL_PATH = "$(LOCAL_LIBRARY_DIR)/Frameworks";
				LD_RUNPATH_SEARCH_PATHS = (
					"$(inherited)",
					"@executable_path/../Frameworks",
				);
				MACOSX_DEPLOYMENT_TARGET = 10.14;
				SDKROOT = macosx;
				SKIP_INSTALL = YES;
				VERSIONING_SYSTEM = "apple-generic";
			};
			name = Debug;
		};
		FF54DB68F46E6A1ED083FF80 /* Release */ = {
			isa = XCBuildConfiguration;
			buildSettings = {
				ASSETCATALOG_COMPILER_APPICON_NAME = AppIcon;
				CODE_SIGN_IDENTITY = "-";
				COMBINE_HIDPI_IMAGES = YES;
				GCC_PREPROCESSOR_DEFINITIONS = (
					"$(inherited)",
					"FRAMEWORK_HEADER=<UnityCoreBluetooth_macOS/NativePlugin.h>",
				);
				INFOPLIST_FILE = Example/macOS/info.plist;
				LD_RUNPATH_SEARCH_PATHS = (
					"$(inherited)",
					"@executable_path/../Frameworks",
				);
				MACOSX_DEPLOYMENT_TARGET = 10.14;
				SDKROOT = macosx;
				SWIFT_OBJC_BRIDGING_HEADER = "${PROJECT_DIR}/Example/macOS/Example_macOS-Bridging-Header.h";
			};
			name = Release;
		};
/* End XCBuildConfiguration section */

/* Begin XCConfigurationList section */
		148742A23D8A269B6F8C2FA8 /* Build configuration list for PBXNativeTarget "UnityCoreBluetooth_bundle" */ = {
			isa = XCConfigurationList;
			buildConfigurations = (
				602C647FE171D0CD2713FC92 /* Debug */,
				01C3184360881C5035643846 /* Release */,
			);
			defaultConfigurationIsVisible = 0;
			defaultConfigurationName = "";
		};
		149210A9E2110327DFFEBA34 /* Build configuration list for PBXProject "UnityCoreBluetooth" */ = {
			isa = XCConfigurationList;
			buildConfigurations = (
				6A5E0CE42F9EE8DB30B8434A /* Debug */,
				3D1B94517B128CFD8DE05938 /* Release */,
			);
			defaultConfigurationIsVisible = 0;
			defaultConfigurationName = Debug;
		};
		2A5BEAA799911F586E9EDE55 /* Build configuration list for PBXNativeTarget "UnityCoreBluetooth" */ = {
			isa = XCConfigurationList;
			buildConfigurations = (
				71DA3648A14618319A682FF5 /* Debug */,
				D07257FF9678CA268C92E360 /* Release */,
			);
			defaultConfigurationIsVisible = 0;
			defaultConfigurationName = "";
		};
		58EF65840782D6C64DCCECEB /* Build configuration list for PBXNativeTarget "Example_macOS" */ = {
			isa = XCConfigurationList;
			buildConfigurations = (
				5F76EA81E4EA96CBF2D1DD25 /* Debug */,
				FF54DB68F46E6A1ED083FF80 /* Release */,
			);
			defaultConfigurationIsVisible = 0;
			defaultConfigurationName = "";
		};
		907B2607EB3C8BC351FEDB4D /* Build configuration list for PBXNativeTarget "Example_iOS" */ = {
			isa = XCConfigurationList;
			buildConfigurations = (
				A7C0EAB829F37CB2E4A7252C /* Debug */,
				75F6BBF272F0F6A3D1EF645D /* Release */,
			);
			defaultConfigurationIsVisible = 0;
			defaultConfigurationName = "";
		};
		98CE032F1E255382535548F6 /* Build configuration list for PBXNativeTarget "UnityCoreBluetooth_macOS" */ = {
			isa = XCConfigurationList;
			buildConfigurations = (
				F966F9E81E3210A923201308 /* Debug */,
				90493A67E5AF22897B0B984A /* Release */,
			);
			defaultConfigurationIsVisible = 0;
			defaultConfigurationName = "";
		};
/* End XCConfigurationList section */
	};
	rootObject = 09B6A6EF5BC82B8ABC1EE380 /* Project object */;
}
